// !$*UTF8*$!
{
	archiveVersion = 1;
	classes = {
	};
	objectVersion = 46;
	objects = {

/* Begin PBXBuildFile section */
		5EE542A71BABD76000293432 /* main.cpp in Sources */ = {isa = PBXBuildFile; fileRef = 5EE542A61BABD76000293432 /* main.cpp */; settings = {ASSET_TAGS = (); }; };
/* End PBXBuildFile section */

/* Begin PBXCopyFilesBuildPhase section */
		5EE542991BABD6E000293432 /* CopyFiles */ = {
			isa = PBXCopyFilesBuildPhase;
			buildActionMask = 2147483647;
			dstPath = /usr/share/man/man1/;
			dstSubfolderSpec = 0;
			files = (
			);
			runOnlyForDeploymentPostprocessing = 1;
		};
/* End PBXCopyFilesBuildPhase section */

/* Begin PBXFileReference section */
		5EE5429B1BABD6E000293432 /* hw1 pa */ = {isa = PBXFileReference; explicitFileType = "compiled.mach-o.executable"; includeInIndex = 0; path = "hw1 pa"; sourceTree = BUILT_PRODUCTS_DIR; };
		5EE542A61BABD76000293432 /* main.cpp */ = {isa = PBXFileReference; fileEncoding = 4; lastKnownFileType = sourcecode.cpp.cpp; path = main.cpp; sourceTree = "<group>"; };
		5EE542BB1BABD81900293432 /* HW 1 Problem 1 */ = {isa = PBXFileReference; lastKnownFileType = folder; path = "HW 1 Problem 1"; sourceTree = "<group>"; };
		5EE542BC1BABD81900293432 /* newfile.h */ = {isa = PBXFileReference; fileEncoding = 4; lastKnownFileType = sourcecode.c.h; path = newfile.h; sourceTree = "<group>"; };
/* End PBXFileReference section */

/* Begin PBXFrameworksBuildPhase section */
		5EE542981BABD6E000293432 /* Frameworks */ = {
			isa = PBXFrameworksBuildPhase;
			buildActionMask = 2147483647;
			files = (
			);
			runOnlyForDeploymentPostprocessing = 0;
		};
/* End PBXFrameworksBuildPhase section */

/* Begin PBXGroup section */
		5EE542921BABD6E000293432 = {
			isa = PBXGroup;
			children = (
				5EE5429D1BABD6E000293432 /* hw1 pa */,
				5EE5429C1BABD6E000293432 /* Products */,
			);
			sourceTree = "<group>";
		};
		5EE5429C1BABD6E000293432 /* Products */ = {
			isa = PBXGroup;
			children = (
				5EE5429B1BABD6E000293432 /* hw1 pa */,
			);
			name = Products;
			sourceTree = "<group>";
		};
		5EE5429D1BABD6E000293432 /* hw1 pa */ = {
			isa = PBXGroup;
			children = (
				5EE542BC1BABD81900293432 /* newfile.h */,
				5EE542BB1BABD81900293432 /* HW 1 Problem 1 */,
				5EE542A61BABD76000293432 /* main.cpp */,
			);
			path = "hw1 pa";
			sourceTree = "<group>";
		};
/* End PBXGroup section */

/* Begin PBXNativeTarget section */
		5EE5429A1BABD6E000293432 /* hw1 pa */ = {
			isa = PBXNativeTarget;
			buildConfigurationList = 5EE542A21BABD6E000293432 /* Build configuration list for PBXNativeTarget "hw1 pa" */;
			buildPhases = (
				5EE542971BABD6E000293432 /* Sources */,
				5EE542981BABD6E000293432 /* Frameworks */,
				5EE542991BABD6E000293432 /* CopyFiles */,
			);
			buildRules = (
			);
			dependencies = (
			);
			name = "hw1 pa";
			productName = "hw1 pa";
			productReference = 5EE5429B1BABD6E000293432 /* hw1 pa */;
			productType = "com.apple.product-type.tool";
		};
/* End PBXNativeTarget section */

/* Begin PBXProject section */
		5EE542931BABD6E000293432 /* Project object */ = {
			isa = PBXProject;
			attributes = {
				LastUpgradeCheck = 0700;
				ORGANIZATIONNAME = "George Jone";
				TargetAttributes = {
					5EE5429A1BABD6E000293432 = {
						CreatedOnToolsVersion = 7.0;
					};
				};
			};
			buildConfigurationList = 5EE542961BABD6E000293432 /* Build configuration list for PBXProject "hw1 pa" */;
			compatibilityVersion = "Xcode 3.2";
			developmentRegion = English;
			hasScannedForEncodings = 0;
			knownRegions = (
				en,
			);
			mainGroup = 5EE542921BABD6E000293432;
			productRefGroup = 5EE5429C1BABD6E000293432 /* Products */;
			projectDirPath = "";
			projectRoot = "";
			targets = (
				5EE5429A1BABD6E000293432 /* hw1 pa */,
			);
		};
/* End PBXProject section */

/* Begin PBXSourcesBuildPhase section */
		5EE542971BABD6E000293432 /* Sources */ = {
			isa = PBXSourcesBuildPhase;
			buildActionMask = 2147483647;
			files = (
				5EE542A71BABD76000293432 /* main.cpp in Sources */,
			);
			runOnlyForDeploymentPostprocessing = 0;
		};
/* End PBXSourcesBuildPhase section */

/* Begin XCBuildConfiguration section */
		5EE542A01BABD6E000293432 /* Debug */ = {
			isa = XCBuildConfiguration;
			buildSettings = {
				ALWAYS_SEARCH_USER_PATHS = NO;
				CLANG_CXX_LANGUAGE_STANDARD = "gnu++0x";
				CLANG_CXX_LIBRARY = "libc++";
				CLANG_ENABLE_MODULES = YES;
				CLANG_ENABLE_OBJC_ARC = YES;
				CLANG_WARN_BOOL_CONVERSION = YES;
				CLANG_WARN_CONSTANT_CONVERSION = YES;
				CLANG_WARN_DIRECT_OBJC_ISA_USAGE = YES_ERROR;
				CLANG_WARN_EMPTY_BODY = YES;
				CLANG_WARN_ENUM_CONVERSION = YES;
				CLANG_WARN_INT_CONVERSION = YES;
				CLANG_WARN_OBJC_ROOT_CLASS = YES_ERROR;
				CLANG_WARN_UNREACHABLE_CODE = YES;
				CLANG_WARN__DUPLICATE_METHOD_MATCH = YES;
				COPY_PHASE_STRIP = NO;
				DEBUG_INFORMATION_FORMAT = dwarf;
				ENABLE_STRICT_OBJC_MSGSEND = YES;
				ENABLE_TESTABILITY = YES;
				GCC_C_LANGUAGE_STANDARD = gnu99;
				GCC_DYNAMIC_NO_PIC = NO;
				GCC_NO_COMMON_BLOCKS = YES;
				GCC_OPTIMIZATION_LEVEL = 0;
				GCC_PREPROCESSOR_DEFINITIONS = (
					"DEBUG=1",
					"$(inherited)",
				);
				GCC_WARN_64_TO_32_BIT_CONVERSION = YES;
				GCC_WARN_ABOUT_RETURN_TYPE = YES_ERROR;
				GCC_WARN_UNDECLARED_SELECTOR = YES;
				GCC_WARN_UNINITIALIZED_AUTOS = YES_AGGRESSIVE;
				GCC_WARN_UNUSED_FUNCTION = YES;
				GCC_WARN_UNUSED_VARIABLE = YES;
				MACOSX_DEPLOYMENT_TARGET = 10.10;
				MTL_ENABLE_DEBUG_INFO = YES;
				ONLY_ACTIVE_ARCH = YES;
				SDKROOT = macosx;
			};
			name = Debug;
		};
		5EE542A11BABD6E000293432 /* Release */ = {
			isa = XCBuildConfiguration;
			buildSettings = {
				ALWAYS_SEARCH_USER_PATHS = NO;
				CLANG_CXX_LANGUAGE_STANDARD = "gnu++0x";
				CLANG_CXX_LIBRARY = "libc++";
				CLANG_ENABLE_MODULES = YES;
				CLANG_ENABLE_OBJC_ARC = YES;
				CLANG_WARN_BOOL_CONVERSION = YES;
				CLANG_WARN_CONSTANT_CONVERSION = YES;
				CLANG_WARN_DIRECT_OBJC_ISA_USAGE = YES_ERROR;
				CLANG_WARN_EMPTY_BODY = YES;
				CLANG_WARN_ENUM_CONVERSION = YES;
				CLANG_WARN_INT_CONVERSION = YES;
				CLANG_WARN_OBJC_ROOT_CLASS = YES_ERROR;
				CLANG_WARN_UNREACHABLE_CODE = YES;
				CLANG_WARN__DUPLICATE_METHOD_MATCH = YES;
				COPY_PHASE_STRIP = NO;
				DEBUG_INFORMATION_FORMAT = "dwarf-with-dsym";
				ENABLE_NS_ASSERTIONS = NO;
				ENABLE_STRICT_OBJC_MSGSEND = YES;
				GCC_C_LANGUAGE_STANDARD = gnu99;
				GCC_NO_COMMON_BLOCKS = YES;
				GCC_WARN_64_TO_32_BIT_CONVERSION = YES;
				GCC_WARN_ABOUT_RETURN_TYPE = YES_ERROR;
				GCC_WARN_UNDECLARED_SELECTOR = YES;
				GCC_WARN_UNINITIALIZED_AUTOS = YES_AGGRESSIVE;
				GCC_WARN_UNUSED_FUNCTION = YES;
				GCC_WARN_UNUSED_VARIABLE = YES;
				MACOSX_DEPLOYMENT_TARGET = 10.10;
				MTL_ENABLE_DEBUG_INFO = NO;
				SDKROOT = macosx;
			};
			name = Release;
		};
		5EE542A31BABD6E000293432 /* Debug */ = {
			isa = XCBuildConfiguration;
			buildSettings = {
				PRODUCT_NAME = "$(TARGET_NAME)";
			};
			name = Debug;
		};
		5EE542A41BABD6E000293432 /* Release */ = {
			isa = XCBuildConfiguration;
			buildSettings = {
				PRODUCT_NAME = "$(TARGET_NAME)";
			};
			name = Release;
		};
/* End XCBuildConfiguration section */

/* Begin XCConfigurationList section */
		5EE542961BABD6E000293432 /* Build configuration list for PBXProject "hw1 pa" */ = {
			isa = XCConfigurationList;
			buildConfigurations = (
				5EE542A01BABD6E000293432 /* Debug */,
				5EE542A11BABD6E000293432 /* Release */,
			);
			defaultConfigurationIsVisible = 0;
			defaultConfigurationName = Release;
		};
		5EE542A21BABD6E000293432 /* Build configuration list for PBXNativeTarget "hw1 pa" */ = {
			isa = XCConfigurationList;
			buildConfigurations = (
				5EE542A31BABD6E000293432 /* Debug */,
				5EE542A41BABD6E000293432 /* Release */,
			);
			defaultConfigurationIsVisible = 0;
		};
/* End XCConfigurationList section */
	};
	rootObject = 5EE542931BABD6E000293432 /* Project object */;
}
